
Microsoft Visual Studio Solution File, Format Version 12.00
# Visual Studio 15
VisualStudioVersion = 15.0.27130.0
MinimumVisualStudioVersion = 10.0.40219.1
Project("{FAE04EC0-301F-11D3-BF4B-00C04F79EFBC}") = "ProductivityTools.DbUp", "ProductivityTools.DbUp\ProductivityTools.DbUp.csproj", "{935A1B8B-9B9D-4AD3-BC9A-B88A57A37B65}"
EndProject
Project("{2150E333-8FDC-42A3-9474-1A3956D46DE8}") = ".nuget", ".nuget", "{A621EDED-315F-4F37-B90D-F3902F0E7908}"
	ProjectSection(SolutionItems) = preProject
		.nuget\NugetMetadata.nuspec = .nuget\NugetMetadata.nuspec
	EndProjectSection
EndProject
Global
	GlobalSection(SolutionConfigurationPlatforms) = preSolution
		Debug|Any CPU = Debug|Any CPU
		Release|Any CPU = Release|Any CPU
	EndGlobalSection
	GlobalSection(ProjectConfigurationPlatforms) = postSolution
		{935A1B8B-9B9D-4AD3-BC9A-B88A57A37B65}.Debug|Any CPU.ActiveCfg = Debug|Any CPU
		{935A1B8B-9B9D-4AD3-BC9A-B88A57A37B65}.Debug|Any CPU.Build.0 = Debug|Any CPU
		{935A1B8B-9B9D-4AD3-BC9A-B88A57A37B65}.Release|Any CPU.ActiveCfg = Release|Any CPU
		{935A1B8B-9B9D-4AD3-BC9A-B88A57A37B65}.Release|Any CPU.Build.0 = Release|Any CPU
	EndGlobalSection
	GlobalSection(SolutionProperties) = preSolution
		HideSolutionNode = FALSE
	EndGlobalSection
	GlobalSection(ExtensibilityGlobals) = postSolution
		SolutionGuid = {62D0B156-D258-477B-9DD7-4D8CFC3E1B18}
	EndGlobalSection
EndGlobal
