
Microsoft Visual Studio Solution File, Format Version 12.00
# Visual Studio 15
VisualStudioVersion = 15.0.28307.421
MinimumVisualStudioVersion = 10.0.40219.1
Project("{9A19103F-16F7-4668-BE54-9A1E7A4F7556}") = "ProductivityTools.DBUp", "ProductivityTools.DbUp\ProductivityTools.DBUp.csproj", "{AC0CBD77-2B5E-47FA-9A3C-1B924BAC45F9}"
EndProject
Global
	GlobalSection(SolutionConfigurationPlatforms) = preSolution
		Debug|Any CPU = Debug|Any CPU
		Release|Any CPU = Release|Any CPU
	EndGlobalSection
	GlobalSection(ProjectConfigurationPlatforms) = postSolution
		{AC0CBD77-2B5E-47FA-9A3C-1B924BAC45F9}.Debug|Any CPU.ActiveCfg = Debug|Any CPU
		{AC0CBD77-2B5E-47FA-9A3C-1B924BAC45F9}.Debug|Any CPU.Build.0 = Debug|Any CPU
		{AC0CBD77-2B5E-47FA-9A3C-1B924BAC45F9}.Release|Any CPU.ActiveCfg = Release|Any CPU
		{AC0CBD77-2B5E-47FA-9A3C-1B924BAC45F9}.Release|Any CPU.Build.0 = Release|Any CPU
	EndGlobalSection
	GlobalSection(SolutionProperties) = preSolution
		HideSolutionNode = FALSE
	EndGlobalSection
	GlobalSection(ExtensibilityGlobals) = postSolution
		SolutionGuid = {2773FB81-0EBD-4C19-AE49-6D0BF2884772}
	EndGlobalSection
EndGlobal
